
Microsoft Visual Studio Solution File, Format Version 12.00
# Visual Studio Version 16
VisualStudioVersion = 16.0.29324.140
MinimumVisualStudioVersion = 10.0.40219.1
Project("{FAE04EC0-301F-11D3-BF4B-00C04F79EFBC}") = "MatrixMultiply", "MatrixMultiply\MatrixMultiply.csproj", "{0EA2AE5A-AB90-4B1C-A269-C58EB570FC7C}"
EndProject
Global
	GlobalSection(SolutionConfigurationPlatforms) = preSolution
		Debug|Any CPU = Debug|Any CPU
		Release|Any CPU = Release|Any CPU
	EndGlobalSection
	GlobalSection(ProjectConfigurationPlatforms) = postSolution
		{0EA2AE5A-AB90-4B1C-A269-C58EB570FC7C}.Debug|Any CPU.ActiveCfg = Debug|Any CPU
		{0EA2AE5A-AB90-4B1C-A269-C58EB570FC7C}.Debug|Any CPU.Build.0 = Debug|Any CPU
		{0EA2AE5A-AB90-4B1C-A269-C58EB570FC7C}.Release|Any CPU.ActiveCfg = Release|Any CPU
		{0EA2AE5A-AB90-4B1C-A269-C58EB570FC7C}.Release|Any CPU.Build.0 = Release|Any CPU
	EndGlobalSection
	GlobalSection(SolutionProperties) = preSolution
		HideSolutionNode = FALSE
	EndGlobalSection
	GlobalSection(ExtensibilityGlobals) = postSolution
		SolutionGuid = {0F23AC78-427D-4A76-88DF-7888CBB2BFAA}
	EndGlobalSection
EndGlobal
